
Microsoft Visual Studio Solution File, Format Version 12.00
# Visual Studio 15
VisualStudioVersion = 15.0.28307.489
MinimumVisualStudioVersion = 10.0.40219.1
Project("{FAE04EC0-301F-11D3-BF4B-00C04F79EFBC}") = "BilgisayarMimarisi", "BilgisayarMimarisi\BilgisayarMimarisi.csproj", "{565A3D40-98D3-4508-806C-5056BDF30CE9}"
EndProject
Project("{FAE04EC0-301F-11D3-BF4B-00C04F79EFBC}") = "BilgisayarMimarisiSoru2", "BilgisayarMimarisiSoru2\BilgisayarMimarisiSoru2.csproj", "{A484985E-36B5-4C06-9A7E-944BFE9B406D}"
EndProject
Global
	GlobalSection(SolutionConfigurationPlatforms) = preSolution
		Debug|Any CPU = Debug|Any CPU
		Release|Any CPU = Release|Any CPU
	EndGlobalSection
	GlobalSection(ProjectConfigurationPlatforms) = postSolution
		{565A3D40-98D3-4508-806C-5056BDF30CE9}.Debug|Any CPU.ActiveCfg = Debug|Any CPU
		{565A3D40-98D3-4508-806C-5056BDF30CE9}.Debug|Any CPU.Build.0 = Debug|Any CPU
		{565A3D40-98D3-4508-806C-5056BDF30CE9}.Release|Any CPU.ActiveCfg = Release|Any CPU
		{565A3D40-98D3-4508-806C-5056BDF30CE9}.Release|Any CPU.Build.0 = Release|Any CPU
		{A484985E-36B5-4C06-9A7E-944BFE9B406D}.Debug|Any CPU.ActiveCfg = Debug|Any CPU
		{A484985E-36B5-4C06-9A7E-944BFE9B406D}.Debug|Any CPU.Build.0 = Debug|Any CPU
		{A484985E-36B5-4C06-9A7E-944BFE9B406D}.Release|Any CPU.ActiveCfg = Release|Any CPU
		{A484985E-36B5-4C06-9A7E-944BFE9B406D}.Release|Any CPU.Build.0 = Release|Any CPU
	EndGlobalSection
	GlobalSection(SolutionProperties) = preSolution
		HideSolutionNode = FALSE
	EndGlobalSection
	GlobalSection(ExtensibilityGlobals) = postSolution
		SolutionGuid = {052C03E4-9A5B-4D25-980C-4FCAE73065A6}
	EndGlobalSection
EndGlobal
